
Microsoft Visual Studio Solution File, Format Version 12.00
# Visual Studio Version 17
VisualStudioVersion = 17.1.32210.238
MinimumVisualStudioVersion = 10.0.40219.1
Project("{FAE04EC0-301F-11D3-BF4B-00C04F79EFBC}") = "CastingImplicitExplicitOperatorOverloading", "CastingImplicitExplicitOperatorOverloading\CastingImplicitExplicitOperatorOverloading.csproj", "{3D565BB3-DE1C-4A04-8C95-578E1502FE2C}"
EndProject
Global
	GlobalSection(SolutionConfigurationPlatforms) = preSolution
		Debug|Any CPU = Debug|Any CPU
		Release|Any CPU = Release|Any CPU
	EndGlobalSection
	GlobalSection(ProjectConfigurationPlatforms) = postSolution
		{3D565BB3-DE1C-4A04-8C95-578E1502FE2C}.Debug|Any CPU.ActiveCfg = Debug|Any CPU
		{3D565BB3-DE1C-4A04-8C95-578E1502FE2C}.Debug|Any CPU.Build.0 = Debug|Any CPU
		{3D565BB3-DE1C-4A04-8C95-578E1502FE2C}.Release|Any CPU.ActiveCfg = Release|Any CPU
		{3D565BB3-DE1C-4A04-8C95-578E1502FE2C}.Release|Any CPU.Build.0 = Release|Any CPU
	EndGlobalSection
	GlobalSection(SolutionProperties) = preSolution
		HideSolutionNode = FALSE
	EndGlobalSection
	GlobalSection(ExtensibilityGlobals) = postSolution
		SolutionGuid = {F5970F97-B9CD-4ED0-B868-94FA7A0DBF4A}
	EndGlobalSection
EndGlobal
